// !$*UTF8*$!
{
	archiveVersion = 1;
	classes = {
	};
	objectVersion = 48;
	objects = {

/* Begin PBXBuildFile section */
		093E35E5236B2DD2007ED4CF /* AppDelegate.swift in Sources */ = {isa = PBXBuildFile; fileRef = 093E35E4236B2DD2007ED4CF /* AppDelegate.swift */; };
		093E35E7236B2DD2007ED4CF /* ViewController.swift in Sources */ = {isa = PBXBuildFile; fileRef = 093E35E6236B2DD2007ED4CF /* ViewController.swift */; };
		093E35EA236B2DD2007ED4CF /* Main.storyboard in Resources */ = {isa = PBXBuildFile; fileRef = 093E35E8236B2DD2007ED4CF /* Main.storyboard */; };
		093E35EC236B2DD2007ED4CF /* Assets.xcassets in Resources */ = {isa = PBXBuildFile; fileRef = 093E35EB236B2DD2007ED4CF /* Assets.xcassets */; };
		093E35EF236B2DD2007ED4CF /* LaunchScreen.storyboard in Resources */ = {isa = PBXBuildFile; fileRef = 093E35ED236B2DD2007ED4CF /* LaunchScreen.storyboard */; };
		09631F58236C93AC00F09CBD /* RegionsViewController.swift in Sources */ = {isa = PBXBuildFile; fileRef = 09631F57236C93AC00F09CBD /* RegionsViewController.swift */; };
		09B6FE21236C5F8F004AB6BA /* CountryTableViewCell.swift in Sources */ = {isa = PBXBuildFile; fileRef = 09B6FE20236C5F8F004AB6BA /* CountryTableViewCell.swift */; };
		09B6FE23236C6863004AB6BA /* RegionTableViewCell.swift in Sources */ = {isa = PBXBuildFile; fileRef = 09B6FE22236C6863004AB6BA /* RegionTableViewCell.swift */; };
		09E2E6BC2372CCB800DCF948 /* Country.swift in Sources */ = {isa = PBXBuildFile; fileRef = 09E2E6BB2372CCB800DCF948 /* Country.swift */; };
		09E2E6BE2372CCD400DCF948 /* Region.swift in Sources */ = {isa = PBXBuildFile; fileRef = 09E2E6BD2372CCD400DCF948 /* Region.swift */; };
		09E2E6C02372CE9700DCF948 /* Parser.swift in Sources */ = {isa = PBXBuildFile; fileRef = 09E2E6BF2372CE9700DCF948 /* Parser.swift */; };
		09E2E6C42372DF6D00DCF948 /* MapsFileManager.swift in Sources */ = {isa = PBXBuildFile; fileRef = 09E2E6C32372DF6D00DCF948 /* MapsFileManager.swift */; };
		7829121A236B7DA5005CE012 /* regions.xml in Resources */ = {isa = PBXBuildFile; fileRef = 78291219236B7DA5005CE012 /* regions.xml */; };
/* End PBXBuildFile section */

/* Begin PBXFileReference section */
		093E35E1236B2DD2007ED4CF /* Map_Downloader.app */ = {isa = PBXFileReference; explicitFileType = wrapper.application; includeInIndex = 0; path = Map_Downloader.app; sourceTree = BUILT_PRODUCTS_DIR; };
		093E35E4236B2DD2007ED4CF /* AppDelegate.swift */ = {isa = PBXFileReference; lastKnownFileType = sourcecode.swift; path = AppDelegate.swift; sourceTree = "<group>"; };
		093E35E6236B2DD2007ED4CF /* ViewController.swift */ = {isa = PBXFileReference; lastKnownFileType = sourcecode.swift; path = ViewController.swift; sourceTree = "<group>"; };
		093E35E9236B2DD2007ED4CF /* Base */ = {isa = PBXFileReference; lastKnownFileType = file.storyboard; name = Base; path = Base.lproj/Main.storyboard; sourceTree = "<group>"; };
		093E35EB236B2DD2007ED4CF /* Assets.xcassets */ = {isa = PBXFileReference; lastKnownFileType = folder.assetcatalog; path = Assets.xcassets; sourceTree = "<group>"; };
		093E35EE236B2DD2007ED4CF /* Base */ = {isa = PBXFileReference; lastKnownFileType = file.storyboard; name = Base; path = Base.lproj/LaunchScreen.storyboard; sourceTree = "<group>"; };
		093E35F0236B2DD2007ED4CF /* Info.plist */ = {isa = PBXFileReference; lastKnownFileType = text.plist.xml; path = Info.plist; sourceTree = "<group>"; };
		09631F57236C93AC00F09CBD /* RegionsViewController.swift */ = {isa = PBXFileReference; lastKnownFileType = sourcecode.swift; path = RegionsViewController.swift; sourceTree = "<group>"; };
		09B6FE20236C5F8F004AB6BA /* CountryTableViewCell.swift */ = {isa = PBXFileReference; lastKnownFileType = sourcecode.swift; path = CountryTableViewCell.swift; sourceTree = "<group>"; };
		09B6FE22236C6863004AB6BA /* RegionTableViewCell.swift */ = {isa = PBXFileReference; lastKnownFileType = sourcecode.swift; path = RegionTableViewCell.swift; sourceTree = "<group>"; };
		09E2E6BB2372CCB800DCF948 /* Country.swift */ = {isa = PBXFileReference; lastKnownFileType = sourcecode.swift; path = Country.swift; sourceTree = "<group>"; };
		09E2E6BD2372CCD400DCF948 /* Region.swift */ = {isa = PBXFileReference; lastKnownFileType = sourcecode.swift; path = Region.swift; sourceTree = "<group>"; };
		09E2E6BF2372CE9700DCF948 /* Parser.swift */ = {isa = PBXFileReference; lastKnownFileType = sourcecode.swift; path = Parser.swift; sourceTree = "<group>"; };
		09E2E6C32372DF6D00DCF948 /* MapsFileManager.swift */ = {isa = PBXFileReference; lastKnownFileType = sourcecode.swift; path = MapsFileManager.swift; sourceTree = "<group>"; };
		78291219236B7DA5005CE012 /* regions.xml */ = {isa = PBXFileReference; fileEncoding = 4; lastKnownFileType = text.xml; path = regions.xml; sourceTree = "<group>"; };
/* End PBXFileReference section */

/* Begin PBXFrameworksBuildPhase section */
		093E35DE236B2DD2007ED4CF /* Frameworks */ = {
			isa = PBXFrameworksBuildPhase;
			buildActionMask = 2147483647;
			files = (
			);
			runOnlyForDeploymentPostprocessing = 0;
		};
/* End PBXFrameworksBuildPhase section */

/* Begin PBXGroup section */
		093E35D8236B2DD2007ED4CF = {
			isa = PBXGroup;
			children = (
				093E35E3236B2DD2007ED4CF /* Map_Downloader */,
				093E35E2236B2DD2007ED4CF /* Products */,
			);
			sourceTree = "<group>";
		};
		093E35E2236B2DD2007ED4CF /* Products */ = {
			isa = PBXGroup;
			children = (
				093E35E1236B2DD2007ED4CF /* Map_Downloader.app */,
			);
			name = Products;
			sourceTree = "<group>";
		};
		093E35E3236B2DD2007ED4CF /* Map_Downloader */ = {
			isa = PBXGroup;
			children = (
				09E2E6BF2372CE9700DCF948 /* Parser.swift */,
				093E35E4236B2DD2007ED4CF /* AppDelegate.swift */,
				09E2E6BB2372CCB800DCF948 /* Country.swift */,
				09E2E6BD2372CCD400DCF948 /* Region.swift */,
				093E35E6236B2DD2007ED4CF /* ViewController.swift */,
				78291219236B7DA5005CE012 /* regions.xml */,
				093E35E8236B2DD2007ED4CF /* Main.storyboard */,
				09631F57236C93AC00F09CBD /* RegionsViewController.swift */,
				09E2E6C32372DF6D00DCF948 /* MapsFileManager.swift */,
				09B6FE20236C5F8F004AB6BA /* CountryTableViewCell.swift */,
				09B6FE22236C6863004AB6BA /* RegionTableViewCell.swift */,
				093E35EB236B2DD2007ED4CF /* Assets.xcassets */,
				093E35ED236B2DD2007ED4CF /* LaunchScreen.storyboard */,
				093E35F0236B2DD2007ED4CF /* Info.plist */,
			);
			path = Map_Downloader;
			sourceTree = "<group>";
		};
/* End PBXGroup section */

/* Begin PBXNativeTarget section */
		093E35E0236B2DD2007ED4CF /* Map_Downloader */ = {
			isa = PBXNativeTarget;
			buildConfigurationList = 093E35F3236B2DD2007ED4CF /* Build configuration list for PBXNativeTarget "Map_Downloader" */;
			buildPhases = (
				093E35DD236B2DD2007ED4CF /* Sources */,
				093E35DE236B2DD2007ED4CF /* Frameworks */,
				093E35DF236B2DD2007ED4CF /* Resources */,
			);
			buildRules = (
			);
			dependencies = (
			);
			name = Map_Downloader;
			productName = Map_Downloader;
			productReference = 093E35E1236B2DD2007ED4CF /* Map_Downloader.app */;
			productType = "com.apple.product-type.application";
		};
/* End PBXNativeTarget section */

/* Begin PBXProject section */
		093E35D9236B2DD2007ED4CF /* Project object */ = {
			isa = PBXProject;
			attributes = {
				LastSwiftUpdateCheck = 0920;
				LastUpgradeCheck = 0920;
				ORGANIZATIONNAME = "Ihor YERIN";
				TargetAttributes = {
					093E35E0236B2DD2007ED4CF = {
						CreatedOnToolsVersion = 9.2;
						ProvisioningStyle = Automatic;
					};
				};
			};
			buildConfigurationList = 093E35DC236B2DD2007ED4CF /* Build configuration list for PBXProject "Map_Downloader" */;
			compatibilityVersion = "Xcode 8.0";
			developmentRegion = en;
			hasScannedForEncodings = 0;
			knownRegions = (
				en,
				Base,
			);
			mainGroup = 093E35D8236B2DD2007ED4CF;
			productRefGroup = 093E35E2236B2DD2007ED4CF /* Products */;
			projectDirPath = "";
			projectRoot = "";
			targets = (
				093E35E0236B2DD2007ED4CF /* Map_Downloader */,
			);
		};
/* End PBXProject section */

/* Begin PBXResourcesBuildPhase section */
		093E35DF236B2DD2007ED4CF /* Resources */ = {
			isa = PBXResourcesBuildPhase;
			buildActionMask = 2147483647;
			files = (
				093E35EF236B2DD2007ED4CF /* LaunchScreen.storyboard in Resources */,
				7829121A236B7DA5005CE012 /* regions.xml in Resources */,
				093E35EC236B2DD2007ED4CF /* Assets.xcassets in Resources */,
				093E35EA236B2DD2007ED4CF /* Main.storyboard in Resources */,
			);
			runOnlyForDeploymentPostprocessing = 0;
		};
/* End PBXResourcesBuildPhase section */

/* Begin PBXSourcesBuildPhase section */
		093E35DD236B2DD2007ED4CF /* Sources */ = {
			isa = PBXSourcesBuildPhase;
			buildActionMask = 2147483647;
			files = (
				093E35E7236B2DD2007ED4CF /* ViewController.swift in Sources */,
				093E35E5236B2DD2007ED4CF /* AppDelegate.swift in Sources */,
				09B6FE23236C6863004AB6BA /* RegionTableViewCell.swift in Sources */,
				09631F58236C93AC00F09CBD /* RegionsViewController.swift in Sources */,
				09E2E6C42372DF6D00DCF948 /* MapsFileManager.swift in Sources */,
				09E2E6C02372CE9700DCF948 /* Parser.swift in Sources */,
				09E2E6BE2372CCD400DCF948 /* Region.swift in Sources */,
				09E2E6BC2372CCB800DCF948 /* Country.swift in Sources */,
				09B6FE21236C5F8F004AB6BA /* CountryTableViewCell.swift in Sources */,
			);
			runOnlyForDeploymentPostprocessing = 0;
		};
/* End PBXSourcesBuildPhase section */

/* Begin PBXVariantGroup section */
		093E35E8236B2DD2007ED4CF /* Main.storyboard */ = {
			isa = PBXVariantGroup;
			children = (
				093E35E9236B2DD2007ED4CF /* Base */,
			);
			name = Main.storyboard;
			sourceTree = "<group>";
		};
		093E35ED236B2DD2007ED4CF /* LaunchScreen.storyboard */ = {
			isa = PBXVariantGroup;
			children = (
				093E35EE236B2DD2007ED4CF /* Base */,
			);
			name = LaunchScreen.storyboard;
			sourceTree = "<group>";
		};
/* End PBXVariantGroup section */

/* Begin XCBuildConfiguration section */
		093E35F1236B2DD2007ED4CF /* Debug */ = {
			isa = XCBuildConfiguration;
			buildSettings = {
				ALWAYS_SEARCH_USER_PATHS = NO;
				CLANG_ANALYZER_NONNULL = YES;
				CLANG_ANALYZER_NUMBER_OBJECT_CONVERSION = YES_AGGRESSIVE;
				CLANG_CXX_LANGUAGE_STANDARD = "gnu++14";
				CLANG_CXX_LIBRARY = "libc++";
				CLANG_ENABLE_MODULES = YES;
				CLANG_ENABLE_OBJC_ARC = YES;
				CLANG_WARN_BLOCK_CAPTURE_AUTORELEASING = YES;
				CLANG_WARN_BOOL_CONVERSION = YES;
				CLANG_WARN_COMMA = YES;
				CLANG_WARN_CONSTANT_CONVERSION = YES;
				CLANG_WARN_DIRECT_OBJC_ISA_USAGE = YES_ERROR;
				CLANG_WARN_DOCUMENTATION_COMMENTS = YES;
				CLANG_WARN_EMPTY_BODY = YES;
				CLANG_WARN_ENUM_CONVERSION = YES;
				CLANG_WARN_INFINITE_RECURSION = YES;
				CLANG_WARN_INT_CONVERSION = YES;
				CLANG_WARN_NON_LITERAL_NULL_CONVERSION = YES;
				CLANG_WARN_OBJC_LITERAL_CONVERSION = YES;
				CLANG_WARN_OBJC_ROOT_CLASS = YES_ERROR;
				CLANG_WARN_RANGE_LOOP_ANALYSIS = YES;
				CLANG_WARN_STRICT_PROTOTYPES = YES;
				CLANG_WARN_SUSPICIOUS_MOVE = YES;
				CLANG_WARN_UNGUARDED_AVAILABILITY = YES_AGGRESSIVE;
				CLANG_WARN_UNREACHABLE_CODE = YES;
				CLANG_WARN__DUPLICATE_METHOD_MATCH = YES;
				CODE_SIGN_IDENTITY = "iPhone Developer";
				COPY_PHASE_STRIP = NO;
				DEBUG_INFORMATION_FORMAT = dwarf;
				ENABLE_STRICT_OBJC_MSGSEND = YES;
				ENABLE_TESTABILITY = YES;
				GCC_C_LANGUAGE_STANDARD = gnu11;
				GCC_DYNAMIC_NO_PIC = NO;
				GCC_NO_COMMON_BLOCKS = YES;
				GCC_OPTIMIZATION_LEVEL = 0;
				GCC_PREPROCESSOR_DEFINITIONS = (
					"DEBUG=1",
					"$(inherited)",
				);
				GCC_WARN_64_TO_32_BIT_CONVERSION = YES;
				GCC_WARN_ABOUT_RETURN_TYPE = YES_ERROR;
				GCC_WARN_UNDECLARED_SELECTOR = YES;
				GCC_WARN_UNINITIALIZED_AUTOS = YES_AGGRESSIVE;
				GCC_WARN_UNUSED_FUNCTION = YES;
				GCC_WARN_UNUSED_VARIABLE = YES;
				IPHONEOS_DEPLOYMENT_TARGET = 11.2;
				MTL_ENABLE_DEBUG_INFO = YES;
				ONLY_ACTIVE_ARCH = YES;
				SDKROOT = iphoneos;
				SWIFT_ACTIVE_COMPILATION_CONDITIONS = DEBUG;
				SWIFT_OPTIMIZATION_LEVEL = "-Onone";
			};
			name = Debug;
		};
		093E35F2236B2DD2007ED4CF /* Release */ = {
			isa = XCBuildConfiguration;
			buildSettings = {
				ALWAYS_SEARCH_USER_PATHS = NO;
				CLANG_ANALYZER_NONNULL = YES;
				CLANG_ANALYZER_NUMBER_OBJECT_CONVERSION = YES_AGGRESSIVE;
				CLANG_CXX_LANGUAGE_STANDARD = "gnu++14";
				CLANG_CXX_LIBRARY = "libc++";
				CLANG_ENABLE_MODULES = YES;
				CLANG_ENABLE_OBJC_ARC = YES;
				CLANG_WARN_BLOCK_CAPTURE_AUTORELEASING = YES;
				CLANG_WARN_BOOL_CONVERSION = YES;
				CLANG_WARN_COMMA = YES;
				CLANG_WARN_CONSTANT_CONVERSION = YES;
				CLANG_WARN_DIRECT_OBJC_ISA_USAGE = YES_ERROR;
				CLANG_WARN_DOCUMENTATION_COMMENTS = YES;
				CLANG_WARN_EMPTY_BODY = YES;
				CLANG_WARN_ENUM_CONVERSION = YES;
				CLANG_WARN_INFINITE_RECURSION = YES;
				CLANG_WARN_INT_CONVERSION = YES;
				CLANG_WARN_NON_LITERAL_NULL_CONVERSION = YES;
				CLANG_WARN_OBJC_LITERAL_CONVERSION = YES;
				CLANG_WARN_OBJC_ROOT_CLASS = YES_ERROR;
				CLANG_WARN_RANGE_LOOP_ANALYSIS = YES;
				CLANG_WARN_STRICT_PROTOTYPES = YES;
				CLANG_WARN_SUSPICIOUS_MOVE = YES;
				CLANG_WARN_UNGUARDED_AVAILABILITY = YES_AGGRESSIVE;
				CLANG_WARN_UNREACHABLE_CODE = YES;
				CLANG_WARN__DUPLICATE_METHOD_MATCH = YES;
				CODE_SIGN_IDENTITY = "iPhone Developer";
				COPY_PHASE_STRIP = NO;
				DEBUG_INFORMATION_FORMAT = "dwarf-with-dsym";
				ENABLE_NS_ASSERTIONS = NO;
				ENABLE_STRICT_OBJC_MSGSEND = YES;
				GCC_C_LANGUAGE_STANDARD = gnu11;
				GCC_NO_COMMON_BLOCKS = YES;
				GCC_WARN_64_TO_32_BIT_CONVERSION = YES;
				GCC_WARN_ABOUT_RETURN_TYPE = YES_ERROR;
				GCC_WARN_UNDECLARED_SELECTOR = YES;
				GCC_WARN_UNINITIALIZED_AUTOS = YES_AGGRESSIVE;
				GCC_WARN_UNUSED_FUNCTION = YES;
				GCC_WARN_UNUSED_VARIABLE = YES;
				IPHONEOS_DEPLOYMENT_TARGET = 11.2;
				MTL_ENABLE_DEBUG_INFO = NO;
				SDKROOT = iphoneos;
				SWIFT_OPTIMIZATION_LEVEL = "-Owholemodule";
				VALIDATE_PRODUCT = YES;
			};
			name = Release;
		};
		093E35F4236B2DD2007ED4CF /* Debug */ = {
			isa = XCBuildConfiguration;
			buildSettings = {
				ASSETCATALOG_COMPILER_APPICON_NAME = AppIcon;
				CODE_SIGN_STYLE = Automatic;
				INFOPLIST_FILE = Map_Downloader/Info.plist;
				LD_RUNPATH_SEARCH_PATHS = "$(inherited) @executable_path/Frameworks";
				PRODUCT_BUNDLE_IDENTIFIER = "UF.Map-Downloader";
				PRODUCT_NAME = "$(TARGET_NAME)";
				SWIFT_VERSION = 4.0;
				TARGETED_DEVICE_FAMILY = "1,2";
			};
			name = Debug;
		};
		093E35F5236B2DD2007ED4CF /* Release */ = {
			isa = XCBuildConfiguration;
			buildSettings = {
				ASSETCATALOG_COMPILER_APPICON_NAME = AppIcon;
				CODE_SIGN_STYLE = Automatic;
				INFOPLIST_FILE = Map_Downloader/Info.plist;
				LD_RUNPATH_SEARCH_PATHS = "$(inherited) @executable_path/Frameworks";
				PRODUCT_BUNDLE_IDENTIFIER = "UF.Map-Downloader";
				PRODUCT_NAME = "$(TARGET_NAME)";
				SWIFT_VERSION = 4.0;
				TARGETED_DEVICE_FAMILY = "1,2";
			};
			name = Release;
		};
/* End XCBuildConfiguration section */

/* Begin XCConfigurationList section */
		093E35DC236B2DD2007ED4CF /* Build configuration list for PBXProject "Map_Downloader" */ = {
			isa = XCConfigurationList;
			buildConfigurations = (
				093E35F1236B2DD2007ED4CF /* Debug */,
				093E35F2236B2DD2007ED4CF /* Release */,
			);
			defaultConfigurationIsVisible = 0;
			defaultConfigurationName = Release;
		};
		093E35F3236B2DD2007ED4CF /* Build configuration list for PBXNativeTarget "Map_Downloader" */ = {
			isa = XCConfigurationList;
			buildConfigurations = (
				093E35F4236B2DD2007ED4CF /* Debug */,
				093E35F5236B2DD2007ED4CF /* Release */,
			);
			defaultConfigurationIsVisible = 0;
			defaultConfigurationName = Release;
		};
/* End XCConfigurationList section */
	};
	rootObject = 093E35D9236B2DD2007ED4CF /* Project object */;
}
